
Microsoft Visual Studio Solution File, Format Version 12.00
# Visual Studio 15
VisualStudioVersion = 15.0.26228.4
MinimumVisualStudioVersion = 10.0.40219.1
Project("{FAE04EC0-301F-11D3-BF4B-00C04F79EFBC}") = "Bank.Server.Communication", "Bank.Server.Communication\Bank.Server.Communication.csproj", "{A0614584-E9A1-4345-8FD8-02396CDC7110}"
EndProject
Project("{2150E333-8FDC-42A3-9474-1A3956D46DE8}") = "Domain", "Domain", "{33FEA4BD-624A-4294-AEAB-CD0089A1AA17}"
EndProject
Project("{2150E333-8FDC-42A3-9474-1A3956D46DE8}") = "Application", "Application", "{C020A0F0-E176-4A42-A268-9C2A7874FFAD}"
EndProject
Project("{2150E333-8FDC-42A3-9474-1A3956D46DE8}") = "Infrastructure", "Infrastructure", "{0636055D-99D0-4C6C-BA07-9A314160A653}"
EndProject
Project("{FAE04EC0-301F-11D3-BF4B-00C04F79EFBC}") = "Bank.Communication.Application", "Application\Bank.Communication.Application\Bank.Communication.Application.csproj", "{F948FA73-9CC2-4DC5-B0F1-6BE4385CBFB5}"
EndProject
Project("{FAE04EC0-301F-11D3-BF4B-00C04F79EFBC}") = "Bank.Communication.Application.Contract", "Application\Bank.Communication.Application.Contract\Bank.Communication.Application.Contract.csproj", "{419F101E-813C-4F70-B122-DBE9DBFA6748}"
EndProject
Project("{FAE04EC0-301F-11D3-BF4B-00C04F79EFBC}") = "Bank.Communication.Domain", "Domain\Bank.Communication.Domain\Bank.Communication.Domain.csproj", "{29DB5CE3-9879-4982-A930-7D72C0941665}"
EndProject
Project("{FAE04EC0-301F-11D3-BF4B-00C04F79EFBC}") = "Bank.Communication.Domain.Contract", "Domain\Bank.Communication.Domain.Contract\Bank.Communication.Domain.Contract.csproj", "{1622ACC9-0C66-4C8E-9DCD-F29FE9F3E8F8}"
EndProject
Project("{FAE04EC0-301F-11D3-BF4B-00C04F79EFBC}") = "Bank.Communication.Infrastructure", "Infrastructure\Bank.Communication.Infrastructure\Bank.Communication.Infrastructure.csproj", "{9DEAE1C5-67FC-4751-BD0F-656667CA3A70}"
EndProject
Project("{FAE04EC0-301F-11D3-BF4B-00C04F79EFBC}") = "Bank.Communication.Infrastructure.Contract", "Infrastructure\Bank.Communication.Infrastructure.Contract\Bank.Communication.Infrastructure.Contract.csproj", "{58A23DC4-6EC7-4A86-B28C-57773D883F47}"
EndProject
Project("{FAE04EC0-301F-11D3-BF4B-00C04F79EFBC}") = "Bank.Storage.InMemoryDemo", "Infrastructure\Bank.Storage.InMemoryDemo\Bank.Storage.InMemoryDemo.csproj", "{A17FDA03-47FF-4795-A532-B6C4D10D2AE4}"
EndProject
Global
	GlobalSection(SolutionConfigurationPlatforms) = preSolution
		Debug|Any CPU = Debug|Any CPU
		Release|Any CPU = Release|Any CPU
	EndGlobalSection
	GlobalSection(ProjectConfigurationPlatforms) = postSolution
		{A0614584-E9A1-4345-8FD8-02396CDC7110}.Debug|Any CPU.ActiveCfg = Debug|Any CPU
		{A0614584-E9A1-4345-8FD8-02396CDC7110}.Debug|Any CPU.Build.0 = Debug|Any CPU
		{A0614584-E9A1-4345-8FD8-02396CDC7110}.Release|Any CPU.ActiveCfg = Release|Any CPU
		{A0614584-E9A1-4345-8FD8-02396CDC7110}.Release|Any CPU.Build.0 = Release|Any CPU
		{F948FA73-9CC2-4DC5-B0F1-6BE4385CBFB5}.Debug|Any CPU.ActiveCfg = Debug|Any CPU
		{F948FA73-9CC2-4DC5-B0F1-6BE4385CBFB5}.Debug|Any CPU.Build.0 = Debug|Any CPU
		{F948FA73-9CC2-4DC5-B0F1-6BE4385CBFB5}.Release|Any CPU.ActiveCfg = Release|Any CPU
		{F948FA73-9CC2-4DC5-B0F1-6BE4385CBFB5}.Release|Any CPU.Build.0 = Release|Any CPU
		{419F101E-813C-4F70-B122-DBE9DBFA6748}.Debug|Any CPU.ActiveCfg = Debug|Any CPU
		{419F101E-813C-4F70-B122-DBE9DBFA6748}.Debug|Any CPU.Build.0 = Debug|Any CPU
		{419F101E-813C-4F70-B122-DBE9DBFA6748}.Release|Any CPU.ActiveCfg = Release|Any CPU
		{419F101E-813C-4F70-B122-DBE9DBFA6748}.Release|Any CPU.Build.0 = Release|Any CPU
		{29DB5CE3-9879-4982-A930-7D72C0941665}.Debug|Any CPU.ActiveCfg = Debug|Any CPU
		{29DB5CE3-9879-4982-A930-7D72C0941665}.Debug|Any CPU.Build.0 = Debug|Any CPU
		{29DB5CE3-9879-4982-A930-7D72C0941665}.Release|Any CPU.ActiveCfg = Release|Any CPU
		{29DB5CE3-9879-4982-A930-7D72C0941665}.Release|Any CPU.Build.0 = Release|Any CPU
		{1622ACC9-0C66-4C8E-9DCD-F29FE9F3E8F8}.Debug|Any CPU.ActiveCfg = Debug|Any CPU
		{1622ACC9-0C66-4C8E-9DCD-F29FE9F3E8F8}.Debug|Any CPU.Build.0 = Debug|Any CPU
		{1622ACC9-0C66-4C8E-9DCD-F29FE9F3E8F8}.Release|Any CPU.ActiveCfg = Release|Any CPU
		{1622ACC9-0C66-4C8E-9DCD-F29FE9F3E8F8}.Release|Any CPU.Build.0 = Release|Any CPU
		{9DEAE1C5-67FC-4751-BD0F-656667CA3A70}.Debug|Any CPU.ActiveCfg = Debug|Any CPU
		{9DEAE1C5-67FC-4751-BD0F-656667CA3A70}.Debug|Any CPU.Build.0 = Debug|Any CPU
		{9DEAE1C5-67FC-4751-BD0F-656667CA3A70}.Release|Any CPU.ActiveCfg = Release|Any CPU
		{9DEAE1C5-67FC-4751-BD0F-656667CA3A70}.Release|Any CPU.Build.0 = Release|Any CPU
		{58A23DC4-6EC7-4A86-B28C-57773D883F47}.Debug|Any CPU.ActiveCfg = Debug|Any CPU
		{58A23DC4-6EC7-4A86-B28C-57773D883F47}.Debug|Any CPU.Build.0 = Debug|Any CPU
		{58A23DC4-6EC7-4A86-B28C-57773D883F47}.Release|Any CPU.ActiveCfg = Release|Any CPU
		{58A23DC4-6EC7-4A86-B28C-57773D883F47}.Release|Any CPU.Build.0 = Release|Any CPU
		{A17FDA03-47FF-4795-A532-B6C4D10D2AE4}.Debug|Any CPU.ActiveCfg = Debug|Any CPU
		{A17FDA03-47FF-4795-A532-B6C4D10D2AE4}.Debug|Any CPU.Build.0 = Debug|Any CPU
		{A17FDA03-47FF-4795-A532-B6C4D10D2AE4}.Release|Any CPU.ActiveCfg = Release|Any CPU
		{A17FDA03-47FF-4795-A532-B6C4D10D2AE4}.Release|Any CPU.Build.0 = Release|Any CPU
	EndGlobalSection
	GlobalSection(SolutionProperties) = preSolution
		HideSolutionNode = FALSE
	EndGlobalSection
	GlobalSection(NestedProjects) = preSolution
		{F948FA73-9CC2-4DC5-B0F1-6BE4385CBFB5} = {C020A0F0-E176-4A42-A268-9C2A7874FFAD}
		{419F101E-813C-4F70-B122-DBE9DBFA6748} = {C020A0F0-E176-4A42-A268-9C2A7874FFAD}
		{29DB5CE3-9879-4982-A930-7D72C0941665} = {33FEA4BD-624A-4294-AEAB-CD0089A1AA17}
		{1622ACC9-0C66-4C8E-9DCD-F29FE9F3E8F8} = {33FEA4BD-624A-4294-AEAB-CD0089A1AA17}
		{9DEAE1C5-67FC-4751-BD0F-656667CA3A70} = {0636055D-99D0-4C6C-BA07-9A314160A653}
		{58A23DC4-6EC7-4A86-B28C-57773D883F47} = {0636055D-99D0-4C6C-BA07-9A314160A653}
		{A17FDA03-47FF-4795-A532-B6C4D10D2AE4} = {0636055D-99D0-4C6C-BA07-9A314160A653}
	EndGlobalSection
EndGlobal
